
Microsoft Visual Studio Solution File, Format Version 12.00
# Visual Studio Version 17
VisualStudioVersion = 17.10.35201.131
MinimumVisualStudioVersion = 10.0.40219.1
Project("{FAE04EC0-301F-11D3-BF4B-00C04F79EFBC}") = "TatehamaATS_v1", "TatehamaATS_v1.csproj", "{0AE00053-B2DC-435D-9839-1DF4C5753088}"
EndProject
Global
	GlobalSection(SolutionConfigurationPlatforms) = preSolution
		Debug|Any CPU = Debug|Any CPU
		Release|Any CPU = Release|Any CPU
	EndGlobalSection
	GlobalSection(ProjectConfigurationPlatforms) = postSolution
		{0AE00053-B2DC-435D-9839-1DF4C5753088}.Debug|Any CPU.ActiveCfg = Debug|Any CPU
		{0AE00053-B2DC-435D-9839-1DF4C5753088}.Debug|Any CPU.Build.0 = Debug|Any CPU
		{0AE00053-B2DC-435D-9839-1DF4C5753088}.Release|Any CPU.ActiveCfg = Release|Any CPU
		{0AE00053-B2DC-435D-9839-1DF4C5753088}.Release|Any CPU.Build.0 = Release|Any CPU
	EndGlobalSection
	GlobalSection(SolutionProperties) = preSolution
		HideSolutionNode = FALSE
	EndGlobalSection
	GlobalSection(ExtensibilityGlobals) = postSolution
		SolutionGuid = {CB4ABB44-5882-4C04-8797-92AB46FED8E0}
	EndGlobalSection
EndGlobal
